
Microsoft Visual Studio Solution File, Format Version 12.00
# Visual Studio Version 16
VisualStudioVersion = 16.0.30804.86
MinimumVisualStudioVersion = 10.0.40219.1
Project("{8BC9CEB8-8B4A-11D0-8D11-00A0C91BC942}") = "breakout", "breakout\breakout.vcxproj", "{605A3227-07D3-4D1E-A102-20F8B41F5AFF}"
EndProject
Global
	GlobalSection(SolutionConfigurationPlatforms) = preSolution
		Debug|x64 = Debug|x64
		Release|x64 = Release|x64
	EndGlobalSection
	GlobalSection(ProjectConfigurationPlatforms) = postSolution
		{605A3227-07D3-4D1E-A102-20F8B41F5AFF}.Debug|x64.ActiveCfg = Debug|x64
		{605A3227-07D3-4D1E-A102-20F8B41F5AFF}.Debug|x64.Build.0 = Debug|x64
		{605A3227-07D3-4D1E-A102-20F8B41F5AFF}.Release|x64.ActiveCfg = Release|x64
		{605A3227-07D3-4D1E-A102-20F8B41F5AFF}.Release|x64.Build.0 = Release|x64
	EndGlobalSection
	GlobalSection(SolutionProperties) = preSolution
		HideSolutionNode = FALSE
	EndGlobalSection
	GlobalSection(ExtensibilityGlobals) = postSolution
		SolutionGuid = {AB4EE42E-4126-4A74-8F24-61745C848E73}
	EndGlobalSection
EndGlobal
